
Microsoft Visual Studio Solution File, Format Version 12.00
# Visual Studio Version 16
VisualStudioVersion = 16.0.28803.156
MinimumVisualStudioVersion = 10.0.40219.1
Project("{FAE04EC0-301F-11D3-BF4B-00C04F79EFBC}") = "RMDataManager", "RMDataManager\RMDataManager.csproj", "{396FC666-415D-4EF3-8493-DDF9C32026EE}"
EndProject
Project("{00D1A9C2-B5F0-4AF3-8072-F6C62B433612}") = "RMData", "RMData\RMData.sqlproj", "{40ED020D-E374-4998-94D1-A1AD7B61ADB7}"
EndProject
Project("{FAE04EC0-301F-11D3-BF4B-00C04F79EFBC}") = "RMDesktopUI", "RMDesktopUI\RMDesktopUI.csproj", "{7A26B0AE-CF80-4F54-9CF2-9FA51EACEBF1}"
EndProject
Global
	GlobalSection(SolutionConfigurationPlatforms) = preSolution
		Debug|Any CPU = Debug|Any CPU
		Release|Any CPU = Release|Any CPU
	EndGlobalSection
	GlobalSection(ProjectConfigurationPlatforms) = postSolution
		{396FC666-415D-4EF3-8493-DDF9C32026EE}.Debug|Any CPU.ActiveCfg = Debug|Any CPU
		{396FC666-415D-4EF3-8493-DDF9C32026EE}.Debug|Any CPU.Build.0 = Debug|Any CPU
		{396FC666-415D-4EF3-8493-DDF9C32026EE}.Release|Any CPU.ActiveCfg = Release|Any CPU
		{396FC666-415D-4EF3-8493-DDF9C32026EE}.Release|Any CPU.Build.0 = Release|Any CPU
		{40ED020D-E374-4998-94D1-A1AD7B61ADB7}.Debug|Any CPU.ActiveCfg = Debug|Any CPU
		{40ED020D-E374-4998-94D1-A1AD7B61ADB7}.Debug|Any CPU.Build.0 = Debug|Any CPU
		{40ED020D-E374-4998-94D1-A1AD7B61ADB7}.Debug|Any CPU.Deploy.0 = Debug|Any CPU
		{40ED020D-E374-4998-94D1-A1AD7B61ADB7}.Release|Any CPU.ActiveCfg = Release|Any CPU
		{40ED020D-E374-4998-94D1-A1AD7B61ADB7}.Release|Any CPU.Build.0 = Release|Any CPU
		{40ED020D-E374-4998-94D1-A1AD7B61ADB7}.Release|Any CPU.Deploy.0 = Release|Any CPU
		{7A26B0AE-CF80-4F54-9CF2-9FA51EACEBF1}.Debug|Any CPU.ActiveCfg = Debug|Any CPU
		{7A26B0AE-CF80-4F54-9CF2-9FA51EACEBF1}.Debug|Any CPU.Build.0 = Debug|Any CPU
		{7A26B0AE-CF80-4F54-9CF2-9FA51EACEBF1}.Release|Any CPU.ActiveCfg = Release|Any CPU
		{7A26B0AE-CF80-4F54-9CF2-9FA51EACEBF1}.Release|Any CPU.Build.0 = Release|Any CPU
	EndGlobalSection
	GlobalSection(SolutionProperties) = preSolution
		HideSolutionNode = FALSE
	EndGlobalSection
	GlobalSection(ExtensibilityGlobals) = postSolution
		SolutionGuid = {43B79AD1-C209-4FF4-ABD4-1F27DE15DAE6}
	EndGlobalSection
EndGlobal
